// !$*UTF8*$!
{
	archiveVersion = 1;
	classes = {
	};
	objectVersion = 51;
	objects = {

/* Begin PBXBuildFile section */
		0B4C2B6D61AC02D0E6AE5CEC /* Pods_Texture_master.framework in Frameworks */ = {isa = PBXBuildFile; fileRef = AA89A60BED6F71434F2E16F3 /* Pods_Texture_master.framework */; };
		93EB12A2251ADD5F00A8E21A /* ICRegisterViewController.swift in Sources */ = {isa = PBXBuildFile; fileRef = 93EB12A1251ADD5F00A8E21A /* ICRegisterViewController.swift */; };
		93EB12A6251AE0FB00A8E21A /* CustomizeNode.swift in Sources */ = {isa = PBXBuildFile; fileRef = 93EB12A5251AE0FB00A8E21A /* CustomizeNode.swift */; };
		93EB12A8251B362F00A8E21A /* ICHomeManagerViewController.swift in Sources */ = {isa = PBXBuildFile; fileRef = 93EB12A7251B362F00A8E21A /* ICHomeManagerViewController.swift */; };
		93F1BFDC251899E500EA6B09 /* AppDelegate.swift in Sources */ = {isa = PBXBuildFile; fileRef = 93F1BFDB251899E500EA6B09 /* AppDelegate.swift */; };
		93F1BFE5251899E700EA6B09 /* Assets.xcassets in Resources */ = {isa = PBXBuildFile; fileRef = 93F1BFE4251899E700EA6B09 /* Assets.xcassets */; };
		93F1BFE8251899E700EA6B09 /* LaunchScreen.storyboard in Resources */ = {isa = PBXBuildFile; fileRef = 93F1BFE6251899E700EA6B09 /* LaunchScreen.storyboard */; };
		93F1BFF42518B26300EA6B09 /* ICBaseViewController.swift in Sources */ = {isa = PBXBuildFile; fileRef = 93F1BFF32518B26300EA6B09 /* ICBaseViewController.swift */; };
		93F1BFF62518B75D00EA6B09 /* ICAuthViewController.swift in Sources */ = {isa = PBXBuildFile; fileRef = 93F1BFF52518B75D00EA6B09 /* ICAuthViewController.swift */; };
		93F1BFF825199EAB00EA6B09 /* Extension+ASDisplay.swift in Sources */ = {isa = PBXBuildFile; fileRef = 93F1BFF725199EAB00EA6B09 /* Extension+ASDisplay.swift */; };
		93F1BFFA2519BCF600EA6B09 /* ICLoginViewController.swift in Sources */ = {isa = PBXBuildFile; fileRef = 93F1BFF92519BCF600EA6B09 /* ICLoginViewController.swift */; };
		93F1BFFC2519DA6B00EA6B09 /* Extension+Color.swift in Sources */ = {isa = PBXBuildFile; fileRef = 93F1BFFB2519DA6B00EA6B09 /* Extension+Color.swift */; };
		93F1BFFE2519FE1A00EA6B09 /* Extension+ViewController.swift in Sources */ = {isa = PBXBuildFile; fileRef = 93F1BFFD2519FE1A00EA6B09 /* Extension+ViewController.swift */; };
/* End PBXBuildFile section */

/* Begin PBXFileReference section */
		5EEFA77D0C697B271740756B /* Pods-Texture_master.debug.xcconfig */ = {isa = PBXFileReference; includeInIndex = 1; lastKnownFileType = text.xcconfig; name = "Pods-Texture_master.debug.xcconfig"; path = "Target Support Files/Pods-Texture_master/Pods-Texture_master.debug.xcconfig"; sourceTree = "<group>"; };
		93EB12A1251ADD5F00A8E21A /* ICRegisterViewController.swift */ = {isa = PBXFileReference; lastKnownFileType = sourcecode.swift; path = ICRegisterViewController.swift; sourceTree = "<group>"; };
		93EB12A5251AE0FB00A8E21A /* CustomizeNode.swift */ = {isa = PBXFileReference; lastKnownFileType = sourcecode.swift; path = CustomizeNode.swift; sourceTree = "<group>"; };
		93EB12A7251B362F00A8E21A /* ICHomeManagerViewController.swift */ = {isa = PBXFileReference; lastKnownFileType = sourcecode.swift; path = ICHomeManagerViewController.swift; sourceTree = "<group>"; };
		93F1BFD8251899E500EA6B09 /* Texture_master.app */ = {isa = PBXFileReference; explicitFileType = wrapper.application; includeInIndex = 0; path = Texture_master.app; sourceTree = BUILT_PRODUCTS_DIR; };
		93F1BFDB251899E500EA6B09 /* AppDelegate.swift */ = {isa = PBXFileReference; lastKnownFileType = sourcecode.swift; path = AppDelegate.swift; sourceTree = "<group>"; };
		93F1BFE4251899E700EA6B09 /* Assets.xcassets */ = {isa = PBXFileReference; lastKnownFileType = folder.assetcatalog; path = Assets.xcassets; sourceTree = "<group>"; };
		93F1BFE7251899E700EA6B09 /* Base */ = {isa = PBXFileReference; lastKnownFileType = file.storyboard; name = Base; path = Base.lproj/LaunchScreen.storyboard; sourceTree = "<group>"; };
		93F1BFE9251899E700EA6B09 /* Info.plist */ = {isa = PBXFileReference; lastKnownFileType = text.plist.xml; path = Info.plist; sourceTree = "<group>"; };
		93F1BFF32518B26300EA6B09 /* ICBaseViewController.swift */ = {isa = PBXFileReference; lastKnownFileType = sourcecode.swift; path = ICBaseViewController.swift; sourceTree = "<group>"; };
		93F1BFF52518B75D00EA6B09 /* ICAuthViewController.swift */ = {isa = PBXFileReference; lastKnownFileType = sourcecode.swift; path = ICAuthViewController.swift; sourceTree = "<group>"; };
		93F1BFF725199EAB00EA6B09 /* Extension+ASDisplay.swift */ = {isa = PBXFileReference; lastKnownFileType = sourcecode.swift; path = "Extension+ASDisplay.swift"; sourceTree = "<group>"; };
		93F1BFF92519BCF600EA6B09 /* ICLoginViewController.swift */ = {isa = PBXFileReference; lastKnownFileType = sourcecode.swift; path = ICLoginViewController.swift; sourceTree = "<group>"; };
		93F1BFFB2519DA6B00EA6B09 /* Extension+Color.swift */ = {isa = PBXFileReference; lastKnownFileType = sourcecode.swift; path = "Extension+Color.swift"; sourceTree = "<group>"; };
		93F1BFFD2519FE1A00EA6B09 /* Extension+ViewController.swift */ = {isa = PBXFileReference; lastKnownFileType = sourcecode.swift; path = "Extension+ViewController.swift"; sourceTree = "<group>"; };
		9BB308F9D8F5FD1735B9CBAE /* Pods-Texture_master.release.xcconfig */ = {isa = PBXFileReference; includeInIndex = 1; lastKnownFileType = text.xcconfig; name = "Pods-Texture_master.release.xcconfig"; path = "Target Support Files/Pods-Texture_master/Pods-Texture_master.release.xcconfig"; sourceTree = "<group>"; };
		AA89A60BED6F71434F2E16F3 /* Pods_Texture_master.framework */ = {isa = PBXFileReference; explicitFileType = wrapper.framework; includeInIndex = 0; path = Pods_Texture_master.framework; sourceTree = BUILT_PRODUCTS_DIR; };
/* End PBXFileReference section */

/* Begin PBXFrameworksBuildPhase section */
		93F1BFD5251899E500EA6B09 /* Frameworks */ = {
			isa = PBXFrameworksBuildPhase;
			buildActionMask = 2147483647;
			files = (
				0B4C2B6D61AC02D0E6AE5CEC /* Pods_Texture_master.framework in Frameworks */,
			);
			runOnlyForDeploymentPostprocessing = 0;
		};
/* End PBXFrameworksBuildPhase section */

/* Begin PBXGroup section */
		099271AA3901D7788C62CFCA /* Frameworks */ = {
			isa = PBXGroup;
			children = (
				AA89A60BED6F71434F2E16F3 /* Pods_Texture_master.framework */,
			);
			name = Frameworks;
			sourceTree = "<group>";
		};
		2A1A2F1CC0405B3CD8007969 /* Pods */ = {
			isa = PBXGroup;
			children = (
				5EEFA77D0C697B271740756B /* Pods-Texture_master.debug.xcconfig */,
				9BB308F9D8F5FD1735B9CBAE /* Pods-Texture_master.release.xcconfig */,
			);
			path = Pods;
			sourceTree = "<group>";
		};
		93F1BFCF251899E400EA6B09 = {
			isa = PBXGroup;
			children = (
				93F1BFDA251899E500EA6B09 /* Texture_master */,
				93F1BFD9251899E500EA6B09 /* Products */,
				2A1A2F1CC0405B3CD8007969 /* Pods */,
				099271AA3901D7788C62CFCA /* Frameworks */,
			);
			sourceTree = "<group>";
		};
		93F1BFD9251899E500EA6B09 /* Products */ = {
			isa = PBXGroup;
			children = (
				93F1BFD8251899E500EA6B09 /* Texture_master.app */,
			);
			name = Products;
			sourceTree = "<group>";
		};
		93F1BFDA251899E500EA6B09 /* Texture_master */ = {
			isa = PBXGroup;
			children = (
				93F1BFDB251899E500EA6B09 /* AppDelegate.swift */,
				93F1BFE4251899E700EA6B09 /* Assets.xcassets */,
				93F1BFE6251899E700EA6B09 /* LaunchScreen.storyboard */,
				93F1BFE9251899E700EA6B09 /* Info.plist */,
				93F1BFFB2519DA6B00EA6B09 /* Extension+Color.swift */,
				93F1BFF725199EAB00EA6B09 /* Extension+ASDisplay.swift */,
				93F1BFFD2519FE1A00EA6B09 /* Extension+ViewController.swift */,
				93EB12A5251AE0FB00A8E21A /* CustomizeNode.swift */,
				93F1BFF32518B26300EA6B09 /* ICBaseViewController.swift */,
				93F1BFF52518B75D00EA6B09 /* ICAuthViewController.swift */,
				93F1BFF92519BCF600EA6B09 /* ICLoginViewController.swift */,
				93EB12A1251ADD5F00A8E21A /* ICRegisterViewController.swift */,
				93EB12A7251B362F00A8E21A /* ICHomeManagerViewController.swift */,
			);
			path = Texture_master;
			sourceTree = "<group>";
		};
/* End PBXGroup section */

/* Begin PBXNativeTarget section */
		93F1BFD7251899E500EA6B09 /* Texture_master */ = {
			isa = PBXNativeTarget;
			buildConfigurationList = 93F1BFEC251899E700EA6B09 /* Build configuration list for PBXNativeTarget "Texture_master" */;
			buildPhases = (
				EF47DF9A700CFAC790EFB41B /* [CP] Check Pods Manifest.lock */,
				93F1BFD4251899E500EA6B09 /* Sources */,
				93F1BFD5251899E500EA6B09 /* Frameworks */,
				93F1BFD6251899E500EA6B09 /* Resources */,
				1E9EBAB9F1957D38553A74A6 /* [CP] Embed Pods Frameworks */,
			);
			buildRules = (
			);
			dependencies = (
			);
			name = Texture_master;
			productName = Texture_master;
			productReference = 93F1BFD8251899E500EA6B09 /* Texture_master.app */;
			productType = "com.apple.product-type.application";
		};
/* End PBXNativeTarget section */

/* Begin PBXProject section */
		93F1BFD0251899E400EA6B09 /* Project object */ = {
			isa = PBXProject;
			attributes = {
				LastSwiftUpdateCheck = 1170;
				LastUpgradeCheck = 1170;
				ORGANIZATIONNAME = ios;
				TargetAttributes = {
					93F1BFD7251899E500EA6B09 = {
						CreatedOnToolsVersion = 11.7;
					};
				};
			};
			buildConfigurationList = 93F1BFD3251899E400EA6B09 /* Build configuration list for PBXProject "Texture_master" */;
			compatibilityVersion = "Xcode 9.3";
			developmentRegion = en;
			hasScannedForEncodings = 0;
			knownRegions = (
				en,
				Base,
			);
			mainGroup = 93F1BFCF251899E400EA6B09;
			productRefGroup = 93F1BFD9251899E500EA6B09 /* Products */;
			projectDirPath = "";
			projectRoot = "";
			targets = (
				93F1BFD7251899E500EA6B09 /* Texture_master */,
			);
		};
/* End PBXProject section */

/* Begin PBXResourcesBuildPhase section */
		93F1BFD6251899E500EA6B09 /* Resources */ = {
			isa = PBXResourcesBuildPhase;
			buildActionMask = 2147483647;
			files = (
				93F1BFE8251899E700EA6B09 /* LaunchScreen.storyboard in Resources */,
				93F1BFE5251899E700EA6B09 /* Assets.xcassets in Resources */,
			);
			runOnlyForDeploymentPostprocessing = 0;
		};
/* End PBXResourcesBuildPhase section */

/* Begin PBXShellScriptBuildPhase section */
		1E9EBAB9F1957D38553A74A6 /* [CP] Embed Pods Frameworks */ = {
			isa = PBXShellScriptBuildPhase;
			buildActionMask = 2147483647;
			files = (
			);
			inputFileListPaths = (
				"${PODS_ROOT}/Target Support Files/Pods-Texture_master/Pods-Texture_master-frameworks-${CONFIGURATION}-input-files.xcfilelist",
			);
			name = "[CP] Embed Pods Frameworks";
			outputFileListPaths = (
				"${PODS_ROOT}/Target Support Files/Pods-Texture_master/Pods-Texture_master-frameworks-${CONFIGURATION}-output-files.xcfilelist",
			);
			runOnlyForDeploymentPostprocessing = 0;
			shellPath = /bin/sh;
			shellScript = "\"${PODS_ROOT}/Target Support Files/Pods-Texture_master/Pods-Texture_master-frameworks.sh\"\n";
			showEnvVarsInLog = 0;
		};
		EF47DF9A700CFAC790EFB41B /* [CP] Check Pods Manifest.lock */ = {
			isa = PBXShellScriptBuildPhase;
			buildActionMask = 2147483647;
			files = (
			);
			inputFileListPaths = (
			);
			inputPaths = (
				"${PODS_PODFILE_DIR_PATH}/Podfile.lock",
				"${PODS_ROOT}/Manifest.lock",
			);
			name = "[CP] Check Pods Manifest.lock";
			outputFileListPaths = (
			);
			outputPaths = (
				"$(DERIVED_FILE_DIR)/Pods-Texture_master-checkManifestLockResult.txt",
			);
			runOnlyForDeploymentPostprocessing = 0;
			shellPath = /bin/sh;
			shellScript = "diff \"${PODS_PODFILE_DIR_PATH}/Podfile.lock\" \"${PODS_ROOT}/Manifest.lock\" > /dev/null\nif [ $? != 0 ] ; then\n    # print error to STDERR\n    echo \"error: The sandbox is not in sync with the Podfile.lock. Run 'pod install' or update your CocoaPods installation.\" >&2\n    exit 1\nfi\n# This output is used by Xcode 'outputs' to avoid re-running this script phase.\necho \"SUCCESS\" > \"${SCRIPT_OUTPUT_FILE_0}\"\n";
			showEnvVarsInLog = 0;
		};
/* End PBXShellScriptBuildPhase section */

/* Begin PBXSourcesBuildPhase section */
		93F1BFD4251899E500EA6B09 /* Sources */ = {
			isa = PBXSourcesBuildPhase;
			buildActionMask = 2147483647;
			files = (
				93F1BFFE2519FE1A00EA6B09 /* Extension+ViewController.swift in Sources */,
				93EB12A2251ADD5F00A8E21A /* ICRegisterViewController.swift in Sources */,
				93F1BFDC251899E500EA6B09 /* AppDelegate.swift in Sources */,
				93F1BFFC2519DA6B00EA6B09 /* Extension+Color.swift in Sources */,
				93EB12A6251AE0FB00A8E21A /* CustomizeNode.swift in Sources */,
				93F1BFFA2519BCF600EA6B09 /* ICLoginViewController.swift in Sources */,
				93F1BFF62518B75D00EA6B09 /* ICAuthViewController.swift in Sources */,
				93EB12A8251B362F00A8E21A /* ICHomeManagerViewController.swift in Sources */,
				93F1BFF825199EAB00EA6B09 /* Extension+ASDisplay.swift in Sources */,
				93F1BFF42518B26300EA6B09 /* ICBaseViewController.swift in Sources */,
			);
			runOnlyForDeploymentPostprocessing = 0;
		};
/* End PBXSourcesBuildPhase section */

/* Begin PBXVariantGroup section */
		93F1BFE6251899E700EA6B09 /* LaunchScreen.storyboard */ = {
			isa = PBXVariantGroup;
			children = (
				93F1BFE7251899E700EA6B09 /* Base */,
			);
			name = LaunchScreen.storyboard;
			sourceTree = "<group>";
		};
/* End PBXVariantGroup section */

/* Begin XCBuildConfiguration section */
		93F1BFEA251899E700EA6B09 /* Debug */ = {
			isa = XCBuildConfiguration;
			buildSettings = {
				ALWAYS_SEARCH_USER_PATHS = NO;
				CLANG_ANALYZER_NONNULL = YES;
				CLANG_ANALYZER_NUMBER_OBJECT_CONVERSION = YES_AGGRESSIVE;
				CLANG_CXX_LANGUAGE_STANDARD = "gnu++14";
				CLANG_CXX_LIBRARY = "libc++";
				CLANG_ENABLE_MODULES = YES;
				CLANG_ENABLE_OBJC_ARC = YES;
				CLANG_ENABLE_OBJC_WEAK = YES;
				CLANG_WARN_BLOCK_CAPTURE_AUTORELEASING = YES;
				CLANG_WARN_BOOL_CONVERSION = YES;
				CLANG_WARN_COMMA = YES;
				CLANG_WARN_CONSTANT_CONVERSION = YES;
				CLANG_WARN_DEPRECATED_OBJC_IMPLEMENTATIONS = YES;
				CLANG_WARN_DIRECT_OBJC_ISA_USAGE = YES_ERROR;
				CLANG_WARN_DOCUMENTATION_COMMENTS = YES;
				CLANG_WARN_EMPTY_BODY = YES;
				CLANG_WARN_ENUM_CONVERSION = YES;
				CLANG_WARN_INFINITE_RECURSION = YES;
				CLANG_WARN_INT_CONVERSION = YES;
				CLANG_WARN_NON_LITERAL_NULL_CONVERSION = YES;
				CLANG_WARN_OBJC_IMPLICIT_RETAIN_SELF = YES;
				CLANG_WARN_OBJC_LITERAL_CONVERSION = YES;
				CLANG_WARN_OBJC_ROOT_CLASS = YES_ERROR;
				CLANG_WARN_RANGE_LOOP_ANALYSIS = YES;
				CLANG_WARN_STRICT_PROTOTYPES = YES;
				CLANG_WARN_SUSPICIOUS_MOVE = YES;
				CLANG_WARN_UNGUARDED_AVAILABILITY = YES_AGGRESSIVE;
				CLANG_WARN_UNREACHABLE_CODE = YES;
				CLANG_WARN__DUPLICATE_METHOD_MATCH = YES;
				COPY_PHASE_STRIP = NO;
				DEBUG_INFORMATION_FORMAT = dwarf;
				ENABLE_STRICT_OBJC_MSGSEND = YES;
				ENABLE_TESTABILITY = YES;
				GCC_C_LANGUAGE_STANDARD = gnu11;
				GCC_DYNAMIC_NO_PIC = NO;
				GCC_NO_COMMON_BLOCKS = YES;
				GCC_OPTIMIZATION_LEVEL = 0;
				GCC_PREPROCESSOR_DEFINITIONS = (
					"DEBUG=1",
					"$(inherited)",
				);
				GCC_WARN_64_TO_32_BIT_CONVERSION = YES;
				GCC_WARN_ABOUT_RETURN_TYPE = YES_ERROR;
				GCC_WARN_UNDECLARED_SELECTOR = YES;
				GCC_WARN_UNINITIALIZED_AUTOS = YES_AGGRESSIVE;
				GCC_WARN_UNUSED_FUNCTION = YES;
				GCC_WARN_UNUSED_VARIABLE = YES;
				IPHONEOS_DEPLOYMENT_TARGET = 13.7;
				MTL_ENABLE_DEBUG_INFO = INCLUDE_SOURCE;
				MTL_FAST_MATH = YES;
				ONLY_ACTIVE_ARCH = YES;
				SDKROOT = iphoneos;
				SWIFT_ACTIVE_COMPILATION_CONDITIONS = DEBUG;
				SWIFT_OPTIMIZATION_LEVEL = "-Onone";
			};
			name = Debug;
		};
		93F1BFEB251899E700EA6B09 /* Release */ = {
			isa = XCBuildConfiguration;
			buildSettings = {
				ALWAYS_SEARCH_USER_PATHS = NO;
				CLANG_ANALYZER_NONNULL = YES;
				CLANG_ANALYZER_NUMBER_OBJECT_CONVERSION = YES_AGGRESSIVE;
				CLANG_CXX_LANGUAGE_STANDARD = "gnu++14";
				CLANG_CXX_LIBRARY = "libc++";
				CLANG_ENABLE_MODULES = YES;
				CLANG_ENABLE_OBJC_ARC = YES;
				CLANG_ENABLE_OBJC_WEAK = YES;
				CLANG_WARN_BLOCK_CAPTURE_AUTORELEASING = YES;
				CLANG_WARN_BOOL_CONVERSION = YES;
				CLANG_WARN_COMMA = YES;
				CLANG_WARN_CONSTANT_CONVERSION = YES;
				CLANG_WARN_DEPRECATED_OBJC_IMPLEMENTATIONS = YES;
				CLANG_WARN_DIRECT_OBJC_ISA_USAGE = YES_ERROR;
				CLANG_WARN_DOCUMENTATION_COMMENTS = YES;
				CLANG_WARN_EMPTY_BODY = YES;
				CLANG_WARN_ENUM_CONVERSION = YES;
				CLANG_WARN_INFINITE_RECURSION = YES;
				CLANG_WARN_INT_CONVERSION = YES;
				CLANG_WARN_NON_LITERAL_NULL_CONVERSION = YES;
				CLANG_WARN_OBJC_IMPLICIT_RETAIN_SELF = YES;
				CLANG_WARN_OBJC_LITERAL_CONVERSION = YES;
				CLANG_WARN_OBJC_ROOT_CLASS = YES_ERROR;
				CLANG_WARN_RANGE_LOOP_ANALYSIS = YES;
				CLANG_WARN_STRICT_PROTOTYPES = YES;
				CLANG_WARN_SUSPICIOUS_MOVE = YES;
				CLANG_WARN_UNGUARDED_AVAILABILITY = YES_AGGRESSIVE;
				CLANG_WARN_UNREACHABLE_CODE = YES;
				CLANG_WARN__DUPLICATE_METHOD_MATCH = YES;
				COPY_PHASE_STRIP = NO;
				DEBUG_INFORMATION_FORMAT = "dwarf-with-dsym";
				ENABLE_NS_ASSERTIONS = NO;
				ENABLE_STRICT_OBJC_MSGSEND = YES;
				GCC_C_LANGUAGE_STANDARD = gnu11;
				GCC_NO_COMMON_BLOCKS = YES;
				GCC_WARN_64_TO_32_BIT_CONVERSION = YES;
				GCC_WARN_ABOUT_RETURN_TYPE = YES_ERROR;
				GCC_WARN_UNDECLARED_SELECTOR = YES;
				GCC_WARN_UNINITIALIZED_AUTOS = YES_AGGRESSIVE;
				GCC_WARN_UNUSED_FUNCTION = YES;
				GCC_WARN_UNUSED_VARIABLE = YES;
				IPHONEOS_DEPLOYMENT_TARGET = 13.7;
				MTL_ENABLE_DEBUG_INFO = NO;
				MTL_FAST_MATH = YES;
				SDKROOT = iphoneos;
				SWIFT_COMPILATION_MODE = wholemodule;
				SWIFT_OPTIMIZATION_LEVEL = "-O";
				VALIDATE_PRODUCT = YES;
			};
			name = Release;
		};
		93F1BFED251899E700EA6B09 /* Debug */ = {
			isa = XCBuildConfiguration;
			baseConfigurationReference = 5EEFA77D0C697B271740756B /* Pods-Texture_master.debug.xcconfig */;
			buildSettings = {
				ASSETCATALOG_COMPILER_APPICON_NAME = AppIcon;
				CODE_SIGN_STYLE = Automatic;
				INFOPLIST_FILE = Texture_master/Info.plist;
				LD_RUNPATH_SEARCH_PATHS = (
					"$(inherited)",
					"@executable_path/Frameworks",
				);
				PRODUCT_BUNDLE_IDENTIFIER = "ndp-dev-tb.Texture-master";
				PRODUCT_NAME = "$(TARGET_NAME)";
				SWIFT_VERSION = 5.0;
				TARGETED_DEVICE_FAMILY = "1,2";
			};
			name = Debug;
		};
		93F1BFEE251899E700EA6B09 /* Release */ = {
			isa = XCBuildConfiguration;
			baseConfigurationReference = 9BB308F9D8F5FD1735B9CBAE /* Pods-Texture_master.release.xcconfig */;
			buildSettings = {
				ASSETCATALOG_COMPILER_APPICON_NAME = AppIcon;
				CODE_SIGN_STYLE = Automatic;
				INFOPLIST_FILE = Texture_master/Info.plist;
				LD_RUNPATH_SEARCH_PATHS = (
					"$(inherited)",
					"@executable_path/Frameworks",
				);
				PRODUCT_BUNDLE_IDENTIFIER = "ndp-dev-tb.Texture-master";
				PRODUCT_NAME = "$(TARGET_NAME)";
				SWIFT_VERSION = 5.0;
				TARGETED_DEVICE_FAMILY = "1,2";
			};
			name = Release;
		};
/* End XCBuildConfiguration section */

/* Begin XCConfigurationList section */
		93F1BFD3251899E400EA6B09 /* Build configuration list for PBXProject "Texture_master" */ = {
			isa = XCConfigurationList;
			buildConfigurations = (
				93F1BFEA251899E700EA6B09 /* Debug */,
				93F1BFEB251899E700EA6B09 /* Release */,
			);
			defaultConfigurationIsVisible = 0;
			defaultConfigurationName = Release;
		};
		93F1BFEC251899E700EA6B09 /* Build configuration list for PBXNativeTarget "Texture_master" */ = {
			isa = XCConfigurationList;
			buildConfigurations = (
				93F1BFED251899E700EA6B09 /* Debug */,
				93F1BFEE251899E700EA6B09 /* Release */,
			);
			defaultConfigurationIsVisible = 0;
			defaultConfigurationName = Release;
		};
/* End XCConfigurationList section */
	};
	rootObject = 93F1BFD0251899E400EA6B09 /* Project object */;
}
